{
  "version": 4,
  "terraform_version": "1.5.7",
  "serial": 25,
  "lineage": "6003f03d-1b79-abcc-a8d0-5de5a7c0d742",
  "outputs": {
    "artifact_registry_repo": {
      "value": "analytics-repo",
      "type": "string"
    },
    "backend_service_account_email": {
      "value": "analytics-backend-sa@brave-reason-421203.iam.gserviceaccount.com",
      "type": "string"
    },
    "cicd_service_account_email": {
      "value": "cicd-sa@brave-reason-421203.iam.gserviceaccount.com",
      "type": "string"
    },
    "vpc_connector_name": {
      "value": "analytics-connector",
      "type": "string"
    }
  },
  "resources": [
    {
      "mode": "managed",
      "type": "google_artifact_registry_repository",
      "name": "analytics_repo",
      "provider": "provider[\"registry.terraform.io/hashicorp/google\"]",
      "instances": [
        {
          "schema_version": 0,
          "attributes": {
            "cleanup_policies": [],
            "cleanup_policy_dry_run": false,
            "create_time": "2025-10-05T14:22:43.695747Z",
            "description": "Docker repo for analytics backend",
            "docker_config": [],
            "effective_labels": {
              "goog-terraform-provisioned": "true"
            },
            "format": "DOCKER",
            "id": "projects/brave-reason-421203/locations/us-central1/repositories/analytics-repo",
            "kms_key_name": "",
            "labels": {},
            "location": "us-central1",
            "maven_config": [],
            "mode": "STANDARD_REPOSITORY",
            "name": "analytics-repo",
            "project": "brave-reason-421203",
            "registry_uri": "us-central1-docker.pkg.dev/brave-reason-421203/analytics-repo",
            "remote_repository_config": [],
            "repository_id": "analytics-repo",
            "terraform_labels": {
              "goog-terraform-provisioned": "true"
            },
            "timeouts": null,
            "update_time": "2025-10-05T14:22:43.695747Z",
            "virtual_repository_config": [],
            "vulnerability_scanning_config": [
              {
                "enablement_config": "",
                "enablement_state": "SCANNING_DISABLED",
                "enablement_state_reason": "API containerscanning.googleapis.com is not enabled."
              }
            ]
          },
          "sensitive_attributes": [],
          "private": "eyJlMmJmYjczMC1lY2FhLTExZTYtOGY4OC0zNDM2M2JjN2M0YzAiOnsiY3JlYXRlIjoxMjAwMDAwMDAwMDAwLCJkZWxldGUiOjEyMDAwMDAwMDAwMDAsInVwZGF0ZSI6MTIwMDAwMDAwMDAwMH19"
        }
      ]
    },
    {
      "mode": "managed",
      "type": "google_project_iam_member",
      "name": "backend_role_bindings",
      "provider": "provider[\"registry.terraform.io/hashicorp/google\"]",
      "instances": [
        {
          "index_key": "roles/aiplatform.user",
          "schema_version": 0,
          "attributes": {
            "condition": [],
            "etag": "BwZAahG13CY=",
            "id": "brave-reason-421203/roles/aiplatform.user/serviceAccount:analytics-backend-sa@brave-reason-421203.iam.gserviceaccount.com",
            "member": "serviceAccount:analytics-backend-sa@brave-reason-421203.iam.gserviceaccount.com",
            "project": "brave-reason-421203",
            "role": "roles/aiplatform.user"
          },
          "sensitive_attributes": [],
          "private": "bnVsbA==",
          "dependencies": [
            "google_service_account.backend_sa"
          ]
        },
        {
          "index_key": "roles/bigquery.dataViewer",
          "schema_version": 0,
          "attributes": {
            "condition": [],
            "etag": "BwZAahG13CY=",
            "id": "brave-reason-421203/roles/bigquery.dataViewer/serviceAccount:analytics-backend-sa@brave-reason-421203.iam.gserviceaccount.com",
            "member": "serviceAccount:analytics-backend-sa@brave-reason-421203.iam.gserviceaccount.com",
            "project": "brave-reason-421203",
            "role": "roles/bigquery.dataViewer"
          },
          "sensitive_attributes": [],
          "private": "bnVsbA==",
          "dependencies": [
            "google_service_account.backend_sa"
          ]
        },
        {
          "index_key": "roles/bigquery.jobUser",
          "schema_version": 0,
          "attributes": {
            "condition": [],
            "etag": "BwZAahG13CY=",
            "id": "brave-reason-421203/roles/bigquery.jobUser/serviceAccount:analytics-backend-sa@brave-reason-421203.iam.gserviceaccount.com",
            "member": "serviceAccount:analytics-backend-sa@brave-reason-421203.iam.gserviceaccount.com",
            "project": "brave-reason-421203",
            "role": "roles/bigquery.jobUser"
          },
          "sensitive_attributes": [],
          "private": "bnVsbA==",
          "dependencies": [
            "google_service_account.backend_sa"
          ]
        },
        {
          "index_key": "roles/logging.logWriter",
          "schema_version": 0,
          "attributes": {
            "condition": [],
            "etag": "BwZAahG13CY=",
            "id": "brave-reason-421203/roles/logging.logWriter/serviceAccount:analytics-backend-sa@brave-reason-421203.iam.gserviceaccount.com",
            "member": "serviceAccount:analytics-backend-sa@brave-reason-421203.iam.gserviceaccount.com",
            "project": "brave-reason-421203",
            "role": "roles/logging.logWriter"
          },
          "sensitive_attributes": [],
          "private": "bnVsbA==",
          "dependencies": [
            "google_service_account.backend_sa"
          ]
        },
        {
          "index_key": "roles/secretmanager.secretAccessor",
          "schema_version": 0,
          "attributes": {
            "condition": [],
            "etag": "BwZAahG13CY=",
            "id": "brave-reason-421203/roles/secretmanager.secretAccessor/serviceAccount:analytics-backend-sa@brave-reason-421203.iam.gserviceaccount.com",
            "member": "serviceAccount:analytics-backend-sa@brave-reason-421203.iam.gserviceaccount.com",
            "project": "brave-reason-421203",
            "role": "roles/secretmanager.secretAccessor"
          },
          "sensitive_attributes": [],
          "private": "bnVsbA==",
          "dependencies": [
            "google_service_account.backend_sa"
          ]
        }
      ]
    },
    {
      "mode": "managed",
      "type": "google_project_iam_member",
      "name": "cicd_role_bindings",
      "provider": "provider[\"registry.terraform.io/hashicorp/google\"]",
      "instances": [
        {
          "index_key": "roles/artifactregistry.writer",
          "schema_version": 0,
          "attributes": {
            "condition": [],
            "etag": "BwZAahG13CY=",
            "id": "brave-reason-421203/roles/artifactregistry.writer/serviceAccount:cicd-sa@brave-reason-421203.iam.gserviceaccount.com",
            "member": "serviceAccount:cicd-sa@brave-reason-421203.iam.gserviceaccount.com",
            "project": "brave-reason-421203",
            "role": "roles/artifactregistry.writer"
          },
          "sensitive_attributes": [],
          "private": "bnVsbA==",
          "dependencies": [
            "google_service_account.cicd_sa"
          ]
        },
        {
          "index_key": "roles/iam.serviceAccountUser",
          "schema_version": 0,
          "attributes": {
            "condition": [],
            "etag": "BwZAahG13CY=",
            "id": "brave-reason-421203/roles/iam.serviceAccountUser/serviceAccount:cicd-sa@brave-reason-421203.iam.gserviceaccount.com",
            "member": "serviceAccount:cicd-sa@brave-reason-421203.iam.gserviceaccount.com",
            "project": "brave-reason-421203",
            "role": "roles/iam.serviceAccountUser"
          },
          "sensitive_attributes": [],
          "private": "bnVsbA==",
          "dependencies": [
            "google_service_account.cicd_sa"
          ]
        },
        {
          "index_key": "roles/run.admin",
          "schema_version": 0,
          "attributes": {
            "condition": [],
            "etag": "BwZAahG13CY=",
            "id": "brave-reason-421203/roles/run.admin/serviceAccount:cicd-sa@brave-reason-421203.iam.gserviceaccount.com",
            "member": "serviceAccount:cicd-sa@brave-reason-421203.iam.gserviceaccount.com",
            "project": "brave-reason-421203",
            "role": "roles/run.admin"
          },
          "sensitive_attributes": [],
          "private": "bnVsbA==",
          "dependencies": [
            "google_service_account.cicd_sa"
          ]
        }
      ]
    },
    {
      "mode": "managed",
      "type": "google_project_service",
      "name": "enabled_apis",
      "provider": "provider[\"registry.terraform.io/hashicorp/google\"]",
      "instances": [
        {
          "index_key": "aiplatform.googleapis.com",
          "schema_version": 0,
          "attributes": {
            "disable_dependent_services": null,
            "disable_on_destroy": false,
            "id": "brave-reason-421203/aiplatform.googleapis.com",
            "project": "brave-reason-421203",
            "service": "aiplatform.googleapis.com",
            "timeouts": null
          },
          "sensitive_attributes": [],
          "private": "eyJlMmJmYjczMC1lY2FhLTExZTYtOGY4OC0zNDM2M2JjN2M0YzAiOnsiY3JlYXRlIjoxMjAwMDAwMDAwMDAwLCJkZWxldGUiOjEyMDAwMDAwMDAwMDAsInJlYWQiOjYwMDAwMDAwMDAwMCwidXBkYXRlIjoxMjAwMDAwMDAwMDAwfX0="
        },
        {
          "index_key": "artifactregistry.googleapis.com",
          "schema_version": 0,
          "attributes": {
            "disable_dependent_services": null,
            "disable_on_destroy": false,
            "id": "brave-reason-421203/artifactregistry.googleapis.com",
            "project": "brave-reason-421203",
            "service": "artifactregistry.googleapis.com",
            "timeouts": null
          },
          "sensitive_attributes": [],
          "private": "eyJlMmJmYjczMC1lY2FhLTExZTYtOGY4OC0zNDM2M2JjN2M0YzAiOnsiY3JlYXRlIjoxMjAwMDAwMDAwMDAwLCJkZWxldGUiOjEyMDAwMDAwMDAwMDAsInJlYWQiOjYwMDAwMDAwMDAwMCwidXBkYXRlIjoxMjAwMDAwMDAwMDAwfX0="
        },
        {
          "index_key": "bigquery.googleapis.com",
          "schema_version": 0,
          "attributes": {
            "disable_dependent_services": null,
            "disable_on_destroy": false,
            "id": "brave-reason-421203/bigquery.googleapis.com",
            "project": "brave-reason-421203",
            "service": "bigquery.googleapis.com",
            "timeouts": null
          },
          "sensitive_attributes": [],
          "private": "eyJlMmJmYjczMC1lY2FhLTExZTYtOGY4OC0zNDM2M2JjN2M0YzAiOnsiY3JlYXRlIjoxMjAwMDAwMDAwMDAwLCJkZWxldGUiOjEyMDAwMDAwMDAwMDAsInJlYWQiOjYwMDAwMDAwMDAwMCwidXBkYXRlIjoxMjAwMDAwMDAwMDAwfX0="
        },
        {
          "index_key": "cloudbuild.googleapis.com",
          "schema_version": 0,
          "attributes": {
            "disable_dependent_services": null,
            "disable_on_destroy": false,
            "id": "brave-reason-421203/cloudbuild.googleapis.com",
            "project": "brave-reason-421203",
            "service": "cloudbuild.googleapis.com",
            "timeouts": null
          },
          "sensitive_attributes": [],
          "private": "eyJlMmJmYjczMC1lY2FhLTExZTYtOGY4OC0zNDM2M2JjN2M0YzAiOnsiY3JlYXRlIjoxMjAwMDAwMDAwMDAwLCJkZWxldGUiOjEyMDAwMDAwMDAwMDAsInJlYWQiOjYwMDAwMDAwMDAwMCwidXBkYXRlIjoxMjAwMDAwMDAwMDAwfX0="
        },
        {
          "index_key": "compute.googleapis.com",
          "schema_version": 0,
          "attributes": {
            "disable_dependent_services": null,
            "disable_on_destroy": false,
            "id": "brave-reason-421203/compute.googleapis.com",
            "project": "brave-reason-421203",
            "service": "compute.googleapis.com",
            "timeouts": null
          },
          "sensitive_attributes": [],
          "private": "eyJlMmJmYjczMC1lY2FhLTExZTYtOGY4OC0zNDM2M2JjN2M0YzAiOnsiY3JlYXRlIjoxMjAwMDAwMDAwMDAwLCJkZWxldGUiOjEyMDAwMDAwMDAwMDAsInJlYWQiOjYwMDAwMDAwMDAwMCwidXBkYXRlIjoxMjAwMDAwMDAwMDAwfX0="
        },
        {
          "index_key": "logging.googleapis.com",
          "schema_version": 0,
          "attributes": {
            "disable_dependent_services": null,
            "disable_on_destroy": false,
            "id": "brave-reason-421203/logging.googleapis.com",
            "project": "brave-reason-421203",
            "service": "logging.googleapis.com",
            "timeouts": null
          },
          "sensitive_attributes": [],
          "private": "eyJlMmJmYjczMC1lY2FhLTExZTYtOGY4OC0zNDM2M2JjN2M0YzAiOnsiY3JlYXRlIjoxMjAwMDAwMDAwMDAwLCJkZWxldGUiOjEyMDAwMDAwMDAwMDAsInJlYWQiOjYwMDAwMDAwMDAwMCwidXBkYXRlIjoxMjAwMDAwMDAwMDAwfX0="
        },
        {
          "index_key": "monitoring.googleapis.com",
          "schema_version": 0,
          "attributes": {
            "disable_dependent_services": null,
            "disable_on_destroy": false,
            "id": "brave-reason-421203/monitoring.googleapis.com",
            "project": "brave-reason-421203",
            "service": "monitoring.googleapis.com",
            "timeouts": null
          },
          "sensitive_attributes": [],
          "private": "eyJlMmJmYjczMC1lY2FhLTExZTYtOGY4OC0zNDM2M2JjN2M0YzAiOnsiY3JlYXRlIjoxMjAwMDAwMDAwMDAwLCJkZWxldGUiOjEyMDAwMDAwMDAwMDAsInJlYWQiOjYwMDAwMDAwMDAwMCwidXBkYXRlIjoxMjAwMDAwMDAwMDAwfX0="
        },
        {
          "index_key": "run.googleapis.com",
          "schema_version": 0,
          "attributes": {
            "disable_dependent_services": null,
            "disable_on_destroy": false,
            "id": "brave-reason-421203/run.googleapis.com",
            "project": "brave-reason-421203",
            "service": "run.googleapis.com",
            "timeouts": null
          },
          "sensitive_attributes": [],
          "private": "eyJlMmJmYjczMC1lY2FhLTExZTYtOGY4OC0zNDM2M2JjN2M0YzAiOnsiY3JlYXRlIjoxMjAwMDAwMDAwMDAwLCJkZWxldGUiOjEyMDAwMDAwMDAwMDAsInJlYWQiOjYwMDAwMDAwMDAwMCwidXBkYXRlIjoxMjAwMDAwMDAwMDAwfX0="
        },
        {
          "index_key": "secretmanager.googleapis.com",
          "schema_version": 0,
          "attributes": {
            "disable_dependent_services": null,
            "disable_on_destroy": false,
            "id": "brave-reason-421203/secretmanager.googleapis.com",
            "project": "brave-reason-421203",
            "service": "secretmanager.googleapis.com",
            "timeouts": null
          },
          "sensitive_attributes": [],
          "private": "eyJlMmJmYjczMC1lY2FhLTExZTYtOGY4OC0zNDM2M2JjN2M0YzAiOnsiY3JlYXRlIjoxMjAwMDAwMDAwMDAwLCJkZWxldGUiOjEyMDAwMDAwMDAwMDAsInJlYWQiOjYwMDAwMDAwMDAwMCwidXBkYXRlIjoxMjAwMDAwMDAwMDAwfX0="
        },
        {
          "index_key": "vpcaccess.googleapis.com",
          "schema_version": 0,
          "attributes": {
            "disable_dependent_services": null,
            "disable_on_destroy": false,
            "id": "brave-reason-421203/vpcaccess.googleapis.com",
            "project": "brave-reason-421203",
            "service": "vpcaccess.googleapis.com",
            "timeouts": null
          },
          "sensitive_attributes": [],
          "private": "eyJlMmJmYjczMC1lY2FhLTExZTYtOGY4OC0zNDM2M2JjN2M0YzAiOnsiY3JlYXRlIjoxMjAwMDAwMDAwMDAwLCJkZWxldGUiOjEyMDAwMDAwMDAwMDAsInJlYWQiOjYwMDAwMDAwMDAwMCwidXBkYXRlIjoxMjAwMDAwMDAwMDAwfX0="
        }
      ]
    },
    {
      "mode": "managed",
      "type": "google_service_account",
      "name": "backend_sa",
      "provider": "provider[\"registry.terraform.io/hashicorp/google\"]",
      "instances": [
        {
          "schema_version": 0,
          "attributes": {
            "account_id": "analytics-backend-sa",
            "create_ignore_already_exists": null,
            "description": "",
            "disabled": false,
            "display_name": "Analytics Backend Service Account",
            "email": "analytics-backend-sa@brave-reason-421203.iam.gserviceaccount.com",
            "id": "projects/brave-reason-421203/serviceAccounts/analytics-backend-sa@brave-reason-421203.iam.gserviceaccount.com",
            "member": "serviceAccount:analytics-backend-sa@brave-reason-421203.iam.gserviceaccount.com",
            "name": "projects/brave-reason-421203/serviceAccounts/analytics-backend-sa@brave-reason-421203.iam.gserviceaccount.com",
            "project": "brave-reason-421203",
            "timeouts": null,
            "unique_id": "104318555075201933068"
          },
          "sensitive_attributes": [],
          "private": "eyJlMmJmYjczMC1lY2FhLTExZTYtOGY4OC0zNDM2M2JjN2M0YzAiOnsiY3JlYXRlIjozMDAwMDAwMDAwMDB9fQ=="
        }
      ]
    },
    {
      "mode": "managed",
      "type": "google_service_account",
      "name": "cicd_sa",
      "provider": "provider[\"registry.terraform.io/hashicorp/google\"]",
      "instances": [
        {
          "schema_version": 0,
          "attributes": {
            "account_id": "cicd-sa",
            "create_ignore_already_exists": null,
            "description": "",
            "disabled": false,
            "display_name": "CI/CD Service Account",
            "email": "cicd-sa@brave-reason-421203.iam.gserviceaccount.com",
            "id": "projects/brave-reason-421203/serviceAccounts/cicd-sa@brave-reason-421203.iam.gserviceaccount.com",
            "member": "serviceAccount:cicd-sa@brave-reason-421203.iam.gserviceaccount.com",
            "name": "projects/brave-reason-421203/serviceAccounts/cicd-sa@brave-reason-421203.iam.gserviceaccount.com",
            "project": "brave-reason-421203",
            "timeouts": null,
            "unique_id": "108644420268342967802"
          },
          "sensitive_attributes": [],
          "private": "eyJlMmJmYjczMC1lY2FhLTExZTYtOGY4OC0zNDM2M2JjN2M0YzAiOnsiY3JlYXRlIjozMDAwMDAwMDAwMDB9fQ=="
        }
      ]
    }
  ],
  "check_results": null
}
